
Microsoft Visual Studio Solution File, Format Version 12.00
# Visual Studio Version 16
VisualStudioVersion = 16.0.29709.97
MinimumVisualStudioVersion = 10.0.40219.1
Project("{FAE04EC0-301F-11D3-BF4B-00C04F79EFBC}") = "TaxRate", "Homeworks\TaxRate.csproj", "{6E6E8BEE-336C-453C-B0FC-2B9AA4E5FAB4}"
EndProject
Global
	GlobalSection(SolutionConfigurationPlatforms) = preSolution
		Debug|Any CPU = Debug|Any CPU
		Release|Any CPU = Release|Any CPU
	EndGlobalSection
	GlobalSection(ProjectConfigurationPlatforms) = postSolution
		{6E6E8BEE-336C-453C-B0FC-2B9AA4E5FAB4}.Debug|Any CPU.ActiveCfg = Debug|Any CPU
		{6E6E8BEE-336C-453C-B0FC-2B9AA4E5FAB4}.Debug|Any CPU.Build.0 = Debug|Any CPU
		{6E6E8BEE-336C-453C-B0FC-2B9AA4E5FAB4}.Release|Any CPU.ActiveCfg = Release|Any CPU
		{6E6E8BEE-336C-453C-B0FC-2B9AA4E5FAB4}.Release|Any CPU.Build.0 = Release|Any CPU
	EndGlobalSection
	GlobalSection(SolutionProperties) = preSolution
		HideSolutionNode = FALSE
	EndGlobalSection
	GlobalSection(ExtensibilityGlobals) = postSolution
		SolutionGuid = {F1AEE567-C2AC-449E-9E6B-64635ACA2C5C}
	EndGlobalSection
EndGlobal
